
Microsoft Visual Studio Solution File, Format Version 12.00
# Visual Studio Version 17
VisualStudioVersion = 17.10.34928.147
MinimumVisualStudioVersion = 10.0.40219.1
Project("{8BC9CEB8-8B4A-11D0-8D11-00A0C91BC942}") = "LoadBalancer", "LoadBalancer\LoadBalancer.vcxproj", "{D18E3A29-5E94-44D9-BF26-722408CB4D51}"
EndProject
Project("{8BC9CEB8-8B4A-11D0-8D11-00A0C91BC942}") = "Client", "Client\Client.vcxproj", "{5B312CE2-7929-4FF7-A0AE-04B94736B3E8}"
EndProject
Project("{2150E333-8FDC-42A3-9474-1A3956D46DE8}") = "Solution Items", "Solution Items", "{7792ED26-53CA-422E-80EA-12FA702B8DC5}"
	ProjectSection(SolutionItems) = preProject
		.gitignore = .gitignore
	EndProjectSection
EndProject
Project("{8BC9CEB8-8B4A-11D0-8D11-00A0C91BC942}") = "Common", "Common\Common.vcxproj", "{D574AD7E-2D53-4F79-81AB-7E59095BEA5D}"
EndProject
Global
	GlobalSection(SolutionConfigurationPlatforms) = preSolution
		Debug|x64 = Debug|x64
		Debug|x86 = Debug|x86
		Release|x64 = Release|x64
		Release|x86 = Release|x86
	EndGlobalSection
	GlobalSection(ProjectConfigurationPlatforms) = postSolution
		{D18E3A29-5E94-44D9-BF26-722408CB4D51}.Debug|x64.ActiveCfg = Debug|x64
		{D18E3A29-5E94-44D9-BF26-722408CB4D51}.Debug|x64.Build.0 = Debug|x64
		{D18E3A29-5E94-44D9-BF26-722408CB4D51}.Debug|x86.ActiveCfg = Debug|Win32
		{D18E3A29-5E94-44D9-BF26-722408CB4D51}.Debug|x86.Build.0 = Debug|Win32
		{D18E3A29-5E94-44D9-BF26-722408CB4D51}.Release|x64.ActiveCfg = Release|x64
		{D18E3A29-5E94-44D9-BF26-722408CB4D51}.Release|x64.Build.0 = Release|x64
		{D18E3A29-5E94-44D9-BF26-722408CB4D51}.Release|x86.ActiveCfg = Release|Win32
		{D18E3A29-5E94-44D9-BF26-722408CB4D51}.Release|x86.Build.0 = Release|Win32
		{5B312CE2-7929-4FF7-A0AE-04B94736B3E8}.Debug|x64.ActiveCfg = Debug|x64
		{5B312CE2-7929-4FF7-A0AE-04B94736B3E8}.Debug|x64.Build.0 = Debug|x64
		{5B312CE2-7929-4FF7-A0AE-04B94736B3E8}.Debug|x86.ActiveCfg = Debug|Win32
		{5B312CE2-7929-4FF7-A0AE-04B94736B3E8}.Debug|x86.Build.0 = Debug|Win32
		{5B312CE2-7929-4FF7-A0AE-04B94736B3E8}.Release|x64.ActiveCfg = Release|x64
		{5B312CE2-7929-4FF7-A0AE-04B94736B3E8}.Release|x64.Build.0 = Release|x64
		{5B312CE2-7929-4FF7-A0AE-04B94736B3E8}.Release|x86.ActiveCfg = Release|Win32
		{5B312CE2-7929-4FF7-A0AE-04B94736B3E8}.Release|x86.Build.0 = Release|Win32
		{D574AD7E-2D53-4F79-81AB-7E59095BEA5D}.Debug|x64.ActiveCfg = Debug|x64
		{D574AD7E-2D53-4F79-81AB-7E59095BEA5D}.Debug|x64.Build.0 = Debug|x64
		{D574AD7E-2D53-4F79-81AB-7E59095BEA5D}.Debug|x86.ActiveCfg = Debug|Win32
		{D574AD7E-2D53-4F79-81AB-7E59095BEA5D}.Debug|x86.Build.0 = Debug|Win32
		{D574AD7E-2D53-4F79-81AB-7E59095BEA5D}.Release|x64.ActiveCfg = Release|x64
		{D574AD7E-2D53-4F79-81AB-7E59095BEA5D}.Release|x64.Build.0 = Release|x64
		{D574AD7E-2D53-4F79-81AB-7E59095BEA5D}.Release|x86.ActiveCfg = Release|Win32
		{D574AD7E-2D53-4F79-81AB-7E59095BEA5D}.Release|x86.Build.0 = Release|Win32
	EndGlobalSection
	GlobalSection(SolutionProperties) = preSolution
		HideSolutionNode = FALSE
	EndGlobalSection
	GlobalSection(ExtensibilityGlobals) = postSolution
		SolutionGuid = {3CBBCD99-94E2-4F8D-BD50-48E059C74EFA}
	EndGlobalSection
EndGlobal
